
Microsoft Visual Studio Solution File, Format Version 12.00
# Visual Studio 15
VisualStudioVersion = 15.0.27004.2002
MinimumVisualStudioVersion = 10.0.40219.1
Project("{FAE04EC0-301F-11D3-BF4B-00C04F79EFBC}") = "BankAppUI", "BankAppUI.csproj", "{A44643F0-7816-4B3A-B7F4-BFD161CD64A3}"
EndProject
Global
	GlobalSection(SolutionConfigurationPlatforms) = preSolution
		Debug|Any CPU = Debug|Any CPU
		Release|Any CPU = Release|Any CPU
	EndGlobalSection
	GlobalSection(ProjectConfigurationPlatforms) = postSolution
		{A44643F0-7816-4B3A-B7F4-BFD161CD64A3}.Debug|Any CPU.ActiveCfg = Debug|Any CPU
		{A44643F0-7816-4B3A-B7F4-BFD161CD64A3}.Debug|Any CPU.Build.0 = Debug|Any CPU
		{A44643F0-7816-4B3A-B7F4-BFD161CD64A3}.Release|Any CPU.ActiveCfg = Release|Any CPU
		{A44643F0-7816-4B3A-B7F4-BFD161CD64A3}.Release|Any CPU.Build.0 = Release|Any CPU
	EndGlobalSection
	GlobalSection(SolutionProperties) = preSolution
		HideSolutionNode = FALSE
	EndGlobalSection
	GlobalSection(ExtensibilityGlobals) = postSolution
		SolutionGuid = {4F03AE88-79F6-4B97-85A3-CB4DED5F70CE}
	EndGlobalSection
EndGlobal
